
Microsoft Visual Studio Solution File, Format Version 12.00
# Visual Studio Version 17
VisualStudioVersion = 17.5.33414.496
MinimumVisualStudioVersion = 10.0.40219.1
Project("{FAE04EC0-301F-11D3-BF4B-00C04F79EFBC}") = "ListenAI.LLM", "ListenAI.LLM\ListenAI.LLM.csproj", "{371CD99B-B510-4DCB-9DF5-1D32D6CDA437}"
EndProject
Project("{FAE04EC0-301F-11D3-BF4B-00C04F79EFBC}") = "Tester", "Tester\Tester.csproj", "{AE5BB0CF-608D-451F-8A23-8A8D41BDCF7D}"
EndProject
Global
	GlobalSection(SolutionConfigurationPlatforms) = preSolution
		Debug|Any CPU = Debug|Any CPU
		Release|Any CPU = Release|Any CPU
	EndGlobalSection
	GlobalSection(ProjectConfigurationPlatforms) = postSolution
		{371CD99B-B510-4DCB-9DF5-1D32D6CDA437}.Debug|Any CPU.ActiveCfg = Debug|Any CPU
		{371CD99B-B510-4DCB-9DF5-1D32D6CDA437}.Debug|Any CPU.Build.0 = Debug|Any CPU
		{371CD99B-B510-4DCB-9DF5-1D32D6CDA437}.Release|Any CPU.ActiveCfg = Release|Any CPU
		{371CD99B-B510-4DCB-9DF5-1D32D6CDA437}.Release|Any CPU.Build.0 = Release|Any CPU
		{AE5BB0CF-608D-451F-8A23-8A8D41BDCF7D}.Debug|Any CPU.ActiveCfg = Debug|Any CPU
		{AE5BB0CF-608D-451F-8A23-8A8D41BDCF7D}.Debug|Any CPU.Build.0 = Debug|Any CPU
		{AE5BB0CF-608D-451F-8A23-8A8D41BDCF7D}.Release|Any CPU.ActiveCfg = Release|Any CPU
		{AE5BB0CF-608D-451F-8A23-8A8D41BDCF7D}.Release|Any CPU.Build.0 = Release|Any CPU
	EndGlobalSection
	GlobalSection(SolutionProperties) = preSolution
		HideSolutionNode = FALSE
	EndGlobalSection
	GlobalSection(ExtensibilityGlobals) = postSolution
		SolutionGuid = {10793459-D4B9-40FA-BBD4-EB7EC138017A}
	EndGlobalSection
EndGlobal
